
Microsoft Visual Studio Solution File, Format Version 12.00
# Visual Studio Version 16
VisualStudioVersion = 16.0.33328.57
MinimumVisualStudioVersion = 10.0.40219.1
Project("{8BC9CEB8-8B4A-11D0-8D11-00A0C91BC942}") = "RTDenoising", "RenderingPlugin.vcxproj", "{F7CFEF5A-54BD-42E8-A59E-54ABAEB4EA9C}"
EndProject
Project("{8BC9CEB8-8B4A-11D0-8D11-00A0C91BC942}") = "NRI_Shared", "..\..\NRI\NRI_Shared.vcxproj", "{CF9F46A4-33C3-3AED-8718-DC78AB182E1D}"
EndProject
Project("{2150E333-8FDC-42A3-9474-1A3956D46DE8}") = "Nvidia Rendering Interface", "Nvidia Rendering Interface", "{27FE5284-CAEE-49EF-ACD8-B621B8B7447F}"
EndProject
Project("{8BC9CEB8-8B4A-11D0-8D11-00A0C91BC942}") = "NRI_Validation", "..\..\NRI\NRI_Validation.vcxproj", "{54C79EF4-516D-3BB2-A2A6-2FAFBE7F23DA}"
EndProject
Project("{8BC9CEB8-8B4A-11D0-8D11-00A0C91BC942}") = "NRI_VK", "..\..\NRI\NRI_VK.vcxproj", "{733C017C-C67E-31E8-B70A-77690D570697}"
EndProject
Project("{8BC9CEB8-8B4A-11D0-8D11-00A0C91BC942}") = "NRI_D3D12", "..\..\NRI\NRI_D3D12.vcxproj", "{AE233C87-594A-3A3C-8111-18AADCB08191}"
EndProject
Project("{8BC9CEB8-8B4A-11D0-8D11-00A0C91BC942}") = "NRI_D3D11", "..\..\NRI\NRI_D3D11.vcxproj", "{83314300-5535-3528-AB55-55D38EC1494C}"
EndProject
Project("{8BC9CEB8-8B4A-11D0-8D11-00A0C91BC942}") = "ALL_BUILD", "..\..\NRI\ALL_BUILD.vcxproj", "{953BF6F2-4D31-3C12-8F85-CB3D715EC3EF}"
EndProject
Project("{2150E333-8FDC-42A3-9474-1A3956D46DE8}") = "Nvidia Rendering Denoiser", "Nvidia Rendering Denoiser", "{DBB5F7EB-5980-495B-8BC2-623B274EC160}"
EndProject
Project("{8BC9CEB8-8B4A-11D0-8D11-00A0C91BC942}") = "ZERO_CHECK", "..\..\NRD\ZERO_CHECK.vcxproj", "{C50AE04E-2338-3703-A3E6-549575EF4D8B}"
EndProject
Project("{8BC9CEB8-8B4A-11D0-8D11-00A0C91BC942}") = "NRD_Shaders", "..\..\NRD\NRD_Shaders.vcxproj", "{69A39825-738A-335F-A5E7-49BFF83A03D8}"
EndProject
Project("{8BC9CEB8-8B4A-11D0-8D11-00A0C91BC942}") = "NRD", "..\..\NRD\NRD.vcxproj", "{AAB45633-30E6-3971-A5D0-161429EDA294}"
EndProject
Project("{8BC9CEB8-8B4A-11D0-8D11-00A0C91BC942}") = "ALL_BUILD", "..\..\NRD\ALL_BUILD.vcxproj", "{0E985F1E-04F7-3037-AF93-4879029AC923}"
EndProject
Project("{8BC9CEB8-8B4A-11D0-8D11-00A0C91BC942}") = "NRI", "..\..\NRI\NRI.vcxproj", "{2BCEB526-EBB2-385D-A270-724643C6B781}"
EndProject
Project("{8BC9CEB8-8B4A-11D0-8D11-00A0C91BC942}") = "NRI_ZERO_CHECK", "..\..\NRI\ZERO_CHECK.vcxproj", "{025665FC-A4FE-37A3-BD6F-CF9B89A1A50F}"
EndProject
Global
	GlobalSection(SolutionConfigurationPlatforms) = preSolution
		Debug|Win32 = Debug|Win32
		Debug|x64 = Debug|x64
		Release|Win32 = Release|Win32
		Release|x64 = Release|x64
	EndGlobalSection
	GlobalSection(ProjectConfigurationPlatforms) = postSolution
		{F7CFEF5A-54BD-42E8-A59E-54ABAEB4EA9C}.Debug|Win32.ActiveCfg = Debug|Win32
		{F7CFEF5A-54BD-42E8-A59E-54ABAEB4EA9C}.Debug|Win32.Build.0 = Debug|Win32
		{F7CFEF5A-54BD-42E8-A59E-54ABAEB4EA9C}.Debug|x64.ActiveCfg = Debug|x64
		{F7CFEF5A-54BD-42E8-A59E-54ABAEB4EA9C}.Debug|x64.Build.0 = Debug|x64
		{F7CFEF5A-54BD-42E8-A59E-54ABAEB4EA9C}.Release|Win32.ActiveCfg = Release|Win32
		{F7CFEF5A-54BD-42E8-A59E-54ABAEB4EA9C}.Release|Win32.Build.0 = Release|Win32
		{F7CFEF5A-54BD-42E8-A59E-54ABAEB4EA9C}.Release|x64.ActiveCfg = Release|x64
		{F7CFEF5A-54BD-42E8-A59E-54ABAEB4EA9C}.Release|x64.Build.0 = Release|x64
		{CF9F46A4-33C3-3AED-8718-DC78AB182E1D}.Debug|Win32.ActiveCfg = Debug|x64
		{CF9F46A4-33C3-3AED-8718-DC78AB182E1D}.Debug|x64.ActiveCfg = Debug|x64
		{CF9F46A4-33C3-3AED-8718-DC78AB182E1D}.Debug|x64.Build.0 = Debug|x64
		{CF9F46A4-33C3-3AED-8718-DC78AB182E1D}.Release|Win32.ActiveCfg = Release|x64
		{CF9F46A4-33C3-3AED-8718-DC78AB182E1D}.Release|x64.ActiveCfg = Release|x64
		{CF9F46A4-33C3-3AED-8718-DC78AB182E1D}.Release|x64.Build.0 = Release|x64
		{54C79EF4-516D-3BB2-A2A6-2FAFBE7F23DA}.Debug|Win32.ActiveCfg = Debug|x64
		{54C79EF4-516D-3BB2-A2A6-2FAFBE7F23DA}.Debug|x64.ActiveCfg = Debug|x64
		{54C79EF4-516D-3BB2-A2A6-2FAFBE7F23DA}.Debug|x64.Build.0 = Debug|x64
		{54C79EF4-516D-3BB2-A2A6-2FAFBE7F23DA}.Release|Win32.ActiveCfg = Release|x64
		{54C79EF4-516D-3BB2-A2A6-2FAFBE7F23DA}.Release|x64.ActiveCfg = Release|x64
		{54C79EF4-516D-3BB2-A2A6-2FAFBE7F23DA}.Release|x64.Build.0 = Release|x64
		{733C017C-C67E-31E8-B70A-77690D570697}.Debug|Win32.ActiveCfg = Debug|x64
		{733C017C-C67E-31E8-B70A-77690D570697}.Debug|x64.ActiveCfg = Debug|x64
		{733C017C-C67E-31E8-B70A-77690D570697}.Debug|x64.Build.0 = Debug|x64
		{733C017C-C67E-31E8-B70A-77690D570697}.Release|Win32.ActiveCfg = Release|x64
		{733C017C-C67E-31E8-B70A-77690D570697}.Release|x64.ActiveCfg = Release|x64
		{733C017C-C67E-31E8-B70A-77690D570697}.Release|x64.Build.0 = Release|x64
		{AE233C87-594A-3A3C-8111-18AADCB08191}.Debug|Win32.ActiveCfg = Debug|x64
		{AE233C87-594A-3A3C-8111-18AADCB08191}.Debug|x64.ActiveCfg = Debug|x64
		{AE233C87-594A-3A3C-8111-18AADCB08191}.Debug|x64.Build.0 = Debug|x64
		{AE233C87-594A-3A3C-8111-18AADCB08191}.Release|Win32.ActiveCfg = Release|x64
		{AE233C87-594A-3A3C-8111-18AADCB08191}.Release|x64.ActiveCfg = Release|x64
		{AE233C87-594A-3A3C-8111-18AADCB08191}.Release|x64.Build.0 = Release|x64
		{83314300-5535-3528-AB55-55D38EC1494C}.Debug|Win32.ActiveCfg = Debug|x64
		{83314300-5535-3528-AB55-55D38EC1494C}.Debug|x64.ActiveCfg = Debug|x64
		{83314300-5535-3528-AB55-55D38EC1494C}.Debug|x64.Build.0 = Debug|x64
		{83314300-5535-3528-AB55-55D38EC1494C}.Release|Win32.ActiveCfg = Release|x64
		{83314300-5535-3528-AB55-55D38EC1494C}.Release|x64.ActiveCfg = Release|x64
		{83314300-5535-3528-AB55-55D38EC1494C}.Release|x64.Build.0 = Release|x64
		{953BF6F2-4D31-3C12-8F85-CB3D715EC3EF}.Debug|Win32.ActiveCfg = Debug|x64
		{953BF6F2-4D31-3C12-8F85-CB3D715EC3EF}.Debug|x64.ActiveCfg = Debug|x64
		{953BF6F2-4D31-3C12-8F85-CB3D715EC3EF}.Debug|x64.Build.0 = Debug|x64
		{953BF6F2-4D31-3C12-8F85-CB3D715EC3EF}.Release|Win32.ActiveCfg = Release|x64
		{953BF6F2-4D31-3C12-8F85-CB3D715EC3EF}.Release|x64.ActiveCfg = Release|x64
		{953BF6F2-4D31-3C12-8F85-CB3D715EC3EF}.Release|x64.Build.0 = Release|x64
		{C50AE04E-2338-3703-A3E6-549575EF4D8B}.Debug|Win32.ActiveCfg = Debug|x64
		{C50AE04E-2338-3703-A3E6-549575EF4D8B}.Debug|x64.ActiveCfg = Debug|x64
		{C50AE04E-2338-3703-A3E6-549575EF4D8B}.Debug|x64.Build.0 = Debug|x64
		{C50AE04E-2338-3703-A3E6-549575EF4D8B}.Release|Win32.ActiveCfg = Release|x64
		{C50AE04E-2338-3703-A3E6-549575EF4D8B}.Release|x64.ActiveCfg = Release|x64
		{C50AE04E-2338-3703-A3E6-549575EF4D8B}.Release|x64.Build.0 = Release|x64
		{69A39825-738A-335F-A5E7-49BFF83A03D8}.Debug|Win32.ActiveCfg = Debug|x64
		{69A39825-738A-335F-A5E7-49BFF83A03D8}.Debug|x64.ActiveCfg = Debug|x64
		{69A39825-738A-335F-A5E7-49BFF83A03D8}.Debug|x64.Build.0 = Debug|x64
		{69A39825-738A-335F-A5E7-49BFF83A03D8}.Release|Win32.ActiveCfg = Release|x64
		{69A39825-738A-335F-A5E7-49BFF83A03D8}.Release|x64.ActiveCfg = Release|x64
		{69A39825-738A-335F-A5E7-49BFF83A03D8}.Release|x64.Build.0 = Release|x64
		{AAB45633-30E6-3971-A5D0-161429EDA294}.Debug|Win32.ActiveCfg = Debug|x64
		{AAB45633-30E6-3971-A5D0-161429EDA294}.Debug|x64.ActiveCfg = Debug|x64
		{AAB45633-30E6-3971-A5D0-161429EDA294}.Debug|x64.Build.0 = Debug|x64
		{AAB45633-30E6-3971-A5D0-161429EDA294}.Release|Win32.ActiveCfg = Release|x64
		{AAB45633-30E6-3971-A5D0-161429EDA294}.Release|x64.ActiveCfg = Release|x64
		{AAB45633-30E6-3971-A5D0-161429EDA294}.Release|x64.Build.0 = Release|x64
		{0E985F1E-04F7-3037-AF93-4879029AC923}.Debug|Win32.ActiveCfg = Debug|x64
		{0E985F1E-04F7-3037-AF93-4879029AC923}.Debug|x64.ActiveCfg = Debug|x64
		{0E985F1E-04F7-3037-AF93-4879029AC923}.Debug|x64.Build.0 = Debug|x64
		{0E985F1E-04F7-3037-AF93-4879029AC923}.Release|Win32.ActiveCfg = Release|x64
		{0E985F1E-04F7-3037-AF93-4879029AC923}.Release|x64.ActiveCfg = Release|x64
		{0E985F1E-04F7-3037-AF93-4879029AC923}.Release|x64.Build.0 = Release|x64
		{2BCEB526-EBB2-385D-A270-724643C6B781}.Debug|Win32.ActiveCfg = Debug|x64
		{2BCEB526-EBB2-385D-A270-724643C6B781}.Debug|x64.ActiveCfg = Debug|x64
		{2BCEB526-EBB2-385D-A270-724643C6B781}.Debug|x64.Build.0 = Debug|x64
		{2BCEB526-EBB2-385D-A270-724643C6B781}.Release|Win32.ActiveCfg = Release|x64
		{2BCEB526-EBB2-385D-A270-724643C6B781}.Release|x64.ActiveCfg = Release|x64
		{2BCEB526-EBB2-385D-A270-724643C6B781}.Release|x64.Build.0 = Release|x64
		{025665FC-A4FE-37A3-BD6F-CF9B89A1A50F}.Debug|Win32.ActiveCfg = Debug|x64
		{025665FC-A4FE-37A3-BD6F-CF9B89A1A50F}.Debug|x64.ActiveCfg = Debug|x64
		{025665FC-A4FE-37A3-BD6F-CF9B89A1A50F}.Debug|x64.Build.0 = Debug|x64
		{025665FC-A4FE-37A3-BD6F-CF9B89A1A50F}.Release|Win32.ActiveCfg = Release|x64
		{025665FC-A4FE-37A3-BD6F-CF9B89A1A50F}.Release|x64.ActiveCfg = Release|x64
		{025665FC-A4FE-37A3-BD6F-CF9B89A1A50F}.Release|x64.Build.0 = Release|x64
	EndGlobalSection
	GlobalSection(SolutionProperties) = preSolution
		HideSolutionNode = FALSE
	EndGlobalSection
	GlobalSection(NestedProjects) = preSolution
		{CF9F46A4-33C3-3AED-8718-DC78AB182E1D} = {27FE5284-CAEE-49EF-ACD8-B621B8B7447F}
		{54C79EF4-516D-3BB2-A2A6-2FAFBE7F23DA} = {27FE5284-CAEE-49EF-ACD8-B621B8B7447F}
		{733C017C-C67E-31E8-B70A-77690D570697} = {27FE5284-CAEE-49EF-ACD8-B621B8B7447F}
		{AE233C87-594A-3A3C-8111-18AADCB08191} = {27FE5284-CAEE-49EF-ACD8-B621B8B7447F}
		{83314300-5535-3528-AB55-55D38EC1494C} = {27FE5284-CAEE-49EF-ACD8-B621B8B7447F}
		{953BF6F2-4D31-3C12-8F85-CB3D715EC3EF} = {27FE5284-CAEE-49EF-ACD8-B621B8B7447F}
		{C50AE04E-2338-3703-A3E6-549575EF4D8B} = {DBB5F7EB-5980-495B-8BC2-623B274EC160}
		{69A39825-738A-335F-A5E7-49BFF83A03D8} = {DBB5F7EB-5980-495B-8BC2-623B274EC160}
		{AAB45633-30E6-3971-A5D0-161429EDA294} = {DBB5F7EB-5980-495B-8BC2-623B274EC160}
		{0E985F1E-04F7-3037-AF93-4879029AC923} = {DBB5F7EB-5980-495B-8BC2-623B274EC160}
		{2BCEB526-EBB2-385D-A270-724643C6B781} = {27FE5284-CAEE-49EF-ACD8-B621B8B7447F}
		{025665FC-A4FE-37A3-BD6F-CF9B89A1A50F} = {27FE5284-CAEE-49EF-ACD8-B621B8B7447F}
	EndGlobalSection
	GlobalSection(ExtensibilityGlobals) = postSolution
		SolutionGuid = {1B4A3289-C7DB-4F06-9FBC-00F0B735202B}
	EndGlobalSection
EndGlobal
