<?xml version="1.0" encoding="utf-8"?>
<Project ToolsVersion="4.0" xmlns="http://schemas.microsoft.com/developer/msbuild/2003">
  <ItemGroup>
    <ClInclude Include="..\..\source\PlatformBase.h" />
    <ClInclude Include="..\..\source\RenderAPI.h" />
    <ClInclude Include="..\..\source\Unity\IUnityGraphics.h">
      <Filter>Unity</Filter>
    </ClInclude>
    <ClInclude Include="..\..\source\Unity\IUnityGraphicsD3D11.h">
      <Filter>Unity</Filter>
    </ClInclude>
    <ClInclude Include="..\..\source\Unity\IUnityGraphicsD3D12.h">
      <Filter>Unity</Filter>
    </ClInclude>
    <ClInclude Include="..\..\source\Unity\IUnityGraphicsMetal.h">
      <Filter>Unity</Filter>
    </ClInclude>
    <ClInclude Include="..\..\source\Unity\IUnityInterface.h">
      <Filter>Unity</Filter>
    </ClInclude>
    <ClInclude Include="..\..\source\gl3w\gl3w.h">
      <Filter>gl3w</Filter>
    </ClInclude>
    <ClInclude Include="..\..\source\gl3w\glcorearb.h">
      <Filter>gl3w</Filter>
    </ClInclude>
    <ClInclude Include="..\..\NRI\_NRI_SDK\Include\Extensions\NRIWrapperD3D12.h">
      <Filter>NRI</Filter>
    </ClInclude>
    <ClInclude Include="..\..\NRI\_NRI_SDK\Include\Extensions\NRIHelper.h">
      <Filter>NRI</Filter>
    </ClInclude>
    <ClInclude Include="..\..\NRD\_NRD_SDK\Include\NRD.h">
      <Filter>NRD</Filter>
    </ClInclude>
    <ClInclude Include="..\..\NRI\_NRI_SDK\Include\NRIDescs.h">
      <Filter>NRI</Filter>
    </ClInclude>
    <ClInclude Include="..\..\NRI\_NRI_SDK\Include\NRI.h">
      <Filter>NRI</Filter>
    </ClInclude>
    <ClInclude Include="..\..\NRD\_NRD_SDK\Integration\NRDIntegration.h">
      <Filter>NRD</Filter>
    </ClInclude>
    <ClInclude Include="..\..\NRD\Integration\NRDIntegration.hpp">
      <Filter>NRD</Filter>
    </ClInclude>
    <ClInclude Include="..\..\source\Unity\IUnityRenderingExtensions.h">
      <Filter>Unity</Filter>
    </ClInclude>
    <ClInclude Include="..\..\source\DX12\d3dx12.h">
      <Filter>DX12</Filter>
    </ClInclude>
    <ClInclude Include="..\..\source\DX12\d3dx12_check_feature_support.h">
      <Filter>DX12</Filter>
    </ClInclude>
    <ClInclude Include="..\..\source\DX12\d3dx12_core.h">
      <Filter>DX12</Filter>
    </ClInclude>
    <ClInclude Include="..\..\source\DX12\d3dx12_default.h">
      <Filter>DX12</Filter>
    </ClInclude>
    <ClInclude Include="..\..\source\DX12\d3dx12_pipeline_state_stream.h">
      <Filter>DX12</Filter>
    </ClInclude>
    <ClInclude Include="..\..\source\DX12\d3dx12_property_format_table.h">
      <Filter>DX12</Filter>
    </ClInclude>
    <ClInclude Include="..\..\source\DX12\d3dx12_render_pass.h">
      <Filter>DX12</Filter>
    </ClInclude>
    <ClInclude Include="..\..\source\DX12\d3dx12_resource_helpers.h">
      <Filter>DX12</Filter>
    </ClInclude>
    <ClInclude Include="..\..\source\DX12\d3dx12_root_signature.h">
      <Filter>DX12</Filter>
    </ClInclude>
    <ClInclude Include="..\..\source\DX12\d3dx12_state_object.h">
      <Filter>DX12</Filter>
    </ClInclude>
    <ClInclude Include="..\..\source\DX12\d3dx12_barriers.h">
      <Filter>DX12</Filter>
    </ClInclude>
    <ClInclude Include="..\..\source\DX12\d3dcommon.h">
      <Filter>DX12</Filter>
    </ClInclude>
    <ClInclude Include="..\..\source\D3DCommandQueue.h" />
  </ItemGroup>
  <ItemGroup>
    <ClCompile Include="..\..\source\RenderAPI.cpp" />
    <ClCompile Include="..\..\source\RenderAPI_D3D11.cpp" />
    <ClCompile Include="..\..\source\RenderAPI_OpenGLCoreES.cpp" />
    <ClCompile Include="..\..\source\RenderingPlugin.cpp" />
    <ClCompile Include="..\..\source\RenderAPI_D3D12.cpp" />
    <ClCompile Include="..\..\source\RenderAPI_Vulkan.cpp" />
    <ClCompile Include="..\..\source\gl3w\gl3w.c">
      <Filter>gl3w</Filter>
    </ClCompile>
    <ClCompile Include="..\..\source\D3DCommandQueue.cpp" />
  </ItemGroup>
  <ItemGroup>
    <Filter Include="Unity">
      <UniqueIdentifier>{c01468d4-90d4-4d19-9a9b-ee2f1b5e9083}</UniqueIdentifier>
    </Filter>
    <Filter Include="gl3w">
      <UniqueIdentifier>{f00ad923-e825-43a2-b22c-b3380a3a8813}</UniqueIdentifier>
    </Filter>
    <Filter Include="NRI">
      <UniqueIdentifier>{6fb119b4-2c8a-4322-91dc-85c51a562cb1}</UniqueIdentifier>
    </Filter>
    <Filter Include="NRD">
      <UniqueIdentifier>{c9825ba8-c5f3-4c53-b90d-1fa998186628}</UniqueIdentifier>
    </Filter>
    <Filter Include="DX12">
      <UniqueIdentifier>{59a1324c-3b6f-4ff6-a1a2-3c3dbbecc95e}</UniqueIdentifier>
    </Filter>
  </ItemGroup>
  <ItemGroup>
    <None Include="..\..\source\RenderingPlugin.def" />
  </ItemGroup>
  <ItemGroup>
    <None Include="..\..\source\RenderAPI_Metal.mm" />
  </ItemGroup>
</Project>